<?xml version="1.0" encoding="utf-8"?>
<Project ToolsVersion="4.0" xmlns="http://schemas.microsoft.com/developer/msbuild/2003">
  <ItemGroup>
    <Filter Include="src">
      <UniqueIdentifier>{49d6991a-dc71-4282-b607-62a862136e8b}</UniqueIdentifier>
    </Filter>
    <Filter Include="include">
      <UniqueIdentifier>{394654ce-1ecb-47eb-9299-65fe96365849}</UniqueIdentifier>
    </Filter>
    <Filter Include="win7">
      <UniqueIdentifier>{eb433ec8-e3b0-4af0-89b5-19fd0e612598}</UniqueIdentifier>
    </Filter>
  </ItemGroup>
  <ItemGroup>
    <ClCompile Include="..\src\core\engine.cpp">
      <Filter>src</Filter>
    </ClCompile>
    <ClCompile Include="..\src\core\gates.cpp">
      <Filter>src</Filter>
    </ClCompile>
    <ClCompile Include="..\src\core\ions.cpp">
      <Filter>src</Filter>
    </ClCompile>
    <ClCompile Include="console.cpp">
      <Filter>win7</Filter>
    </ClCompile>
    <ClCompile Include="precompile.cpp">
      <Filter>win7</Filter>
    </ClCompile>
    <ClCompile Include="..\src\core\view.cpp">
      <Filter>src</Filter>
    </ClCompile>
    <ClCompile Include="..\src\core\synapses.cpp">
      <Filter>src</Filter>
    </ClCompile>
  </ItemGroup>
  <ItemGroup>
    <ClInclude Include="..\src\include\config.h">
      <Filter>include</Filter>
    </ClInclude>
    <ClInclude Include="..\src\include\debug.h">
      <Filter>include</Filter>
    </ClInclude>
    <ClInclude Include="..\src\include\engine.h">
      <Filter>include</Filter>
    </ClInclude>
    <ClInclude Include="..\src\include\gateproc.h">
      <Filter>include</Filter>
    </ClInclude>
    <ClInclude Include="..\src\include\gates.h">
      <Filter>include</Filter>
    </ClInclude>
    <ClInclude Include="..\src\include\ionproc.h">
      <Filter>include</Filter>
    </ClInclude>
    <ClInclude Include="..\src\include\ions.h">
      <Filter>include</Filter>
    </ClInclude>
    <ClInclude Include="..\src\include\lsnsmath.h">
      <Filter>include</Filter>
    </ClInclude>
    <ClInclude Include="..\src\include\viewproc.h">
      <Filter>include</Filter>
    </ClInclude>
    <ClInclude Include="..\src\include\views.h">
      <Filter>include</Filter>
    </ClInclude>
    <ClInclude Include="precompile.h">
      <Filter>win7</Filter>
    </ClInclude>
    <ClInclude Include="..\src\include\synapses.h">
      <Filter>include</Filter>
    </ClInclude>
    <ClInclude Include="..\src\include\synproc.h">
      <Filter>include</Filter>
    </ClInclude>
    <ClInclude Include="..\src\include\kernels.h">
      <Filter>include</Filter>
    </ClInclude>
  </ItemGroup>
  <ItemGroup>
    <None Include="ClassDiagram1.cd" />
  </ItemGroup>
</Project>